<?xml version="1.0" encoding="utf-8"?>
<Project ToolsVersion="4.0" xmlns="http://schemas.microsoft.com/developer/msbuild/2003">
  <ItemGroup>
    <Filter Include="源文件">
      <UniqueIdentifier>{4FC737F1-C7A5-4376-A066-2A32D752A2FF}</UniqueIdentifier>
      <Extensions>cpp;c;cc;cxx;c++;cppm;ixx;def;odl;idl;hpj;bat;asm;asmx</Extensions>
    </Filter>
    <Filter Include="头文件">
      <UniqueIdentifier>{93995380-89BD-4b04-88EB-625FBE52EBFB}</UniqueIdentifier>
      <Extensions>h;hh;hpp;hxx;h++;hm;inl;inc;ipp;xsd</Extensions>
    </Filter>
    <Filter Include="资源文件">
      <UniqueIdentifier>{67DA6AB6-F800-4c08-8B7A-83BB121AAD01}</UniqueIdentifier>
      <Extensions>rc;ico;cur;bmp;dlg;rc2;rct;bin;rgs;gif;jpg;jpeg;jpe;resx;tiff;tif;png;wav;mfcribbon-ms</Extensions>
    </Filter>
    <Filter Include="src">
      <UniqueIdentifier>{ed5917d9-69ef-4069-b0a4-2747a6aa45e1}</UniqueIdentifier>
    </Filter>
    <Filter Include="src\entity">
      <UniqueIdentifier>{dc0470b5-2d10-455f-a985-8d83acb2aa2e}</UniqueIdentifier>
    </Filter>
    <Filter Include="src\resourcemgr">
      <UniqueIdentifier>{481c491f-9d7a-49d0-8634-564832e92e63}</UniqueIdentifier>
    </Filter>
    <Filter Include="src\renderlibvulkan">
      <UniqueIdentifier>{b396ec0f-674f-4103-af88-27efd401a40c}</UniqueIdentifier>
    </Filter>
    <Filter Include="src\renderlib">
      <UniqueIdentifier>{9224a717-0472-4878-a01f-83e2fcd01689}</UniqueIdentifier>
    </Filter>
    <Filter Include="src\renderlibvulkan\resoource">
      <UniqueIdentifier>{04d0839d-bdbf-49bd-bdfd-a0f54e5fd713}</UniqueIdentifier>
    </Filter>
  </ItemGroup>
  <ItemGroup>
    <ClCompile Include="app.cpp">
      <Filter>源文件</Filter>
    </ClCompile>
    <ClCompile Include="..\..\third\glad\src\glad.c">
      <Filter>源文件</Filter>
    </ClCompile>
    <ClCompile Include="..\..\src\resourcemgr\material.cpp">
      <Filter>src\resourcemgr</Filter>
    </ClCompile>
    <ClCompile Include="..\..\src\resourcemgr\mesh.cpp">
      <Filter>src\resourcemgr</Filter>
    </ClCompile>
    <ClCompile Include="..\..\src\resourcemgr\resmgr.cpp">
      <Filter>src\resourcemgr</Filter>
    </ClCompile>
    <ClCompile Include="..\..\src\resourcemgr\submesh.cpp">
      <Filter>src\resourcemgr</Filter>
    </ClCompile>
    <ClCompile Include="..\..\src\resourcemgr\texture.cpp">
      <Filter>src\resourcemgr</Filter>
    </ClCompile>
    <ClCompile Include="..\..\src\entity\entity.cpp">
      <Filter>src\entity</Filter>
    </ClCompile>
    <ClCompile Include="..\..\src\renderlibvulkan\DynamicRHIVulkan.cpp">
      <Filter>src\renderlibvulkan</Filter>
    </ClCompile>
    <ClCompile Include="..\..\src\renderlibvulkan\DeviceVulkan.cpp">
      <Filter>src\renderlibvulkan</Filter>
    </ClCompile>
    <ClCompile Include="..\..\src\renderlibvulkan\SwapChainVulkan.cpp">
      <Filter>src\renderlibvulkan</Filter>
    </ClCompile>
    <ClCompile Include="..\..\src\renderlib\computeshader.cpp">
      <Filter>src\renderlib</Filter>
    </ClCompile>
    <ClCompile Include="..\..\src\renderlib\drawcall.cpp">
      <Filter>src\renderlib</Filter>
    </ClCompile>
    <ClCompile Include="..\..\src\renderlib\pass.cpp">
      <Filter>src\renderlib</Filter>
    </ClCompile>
    <ClCompile Include="..\..\src\renderlib\renderapi.cpp">
      <Filter>src\renderlib</Filter>
    </ClCompile>
    <ClCompile Include="..\..\src\renderlib\renderobj.cpp">
      <Filter>src\renderlib</Filter>
    </ClCompile>
    <ClCompile Include="..\..\src\renderlib\rendertarget.cpp">
      <Filter>src\renderlib</Filter>
    </ClCompile>
    <ClCompile Include="..\..\src\renderlib\shader.cpp">
      <Filter>src\renderlib</Filter>
    </ClCompile>
    <ClCompile Include="..\..\src\renderlib\shaderparam.cpp">
      <Filter>src\renderlib</Filter>
    </ClCompile>
    <ClCompile Include="..\..\src\renderlib\sortid.cpp">
      <Filter>src\renderlib</Filter>
    </ClCompile>
    <ClCompile Include="..\..\src\renderlib\ssbo.cpp">
      <Filter>src\renderlib</Filter>
    </ClCompile>
    <ClCompile Include="..\..\src\renderlib\texture.cpp">
      <Filter>src\renderlib</Filter>
    </ClCompile>
    <ClCompile Include="..\..\src\renderlib\uniformbuffer.cpp">
      <Filter>src\renderlib</Filter>
    </ClCompile>
    <ClCompile Include="..\..\src\renderlib\vertexbuffer.cpp">
      <Filter>src\renderlib</Filter>
    </ClCompile>
    <ClCompile Include="..\..\src\renderlibvulkan\RenderpassVulkan.cpp">
      <Filter>src\renderlibvulkan</Filter>
    </ClCompile>
    <ClCompile Include="..\..\src\renderlibvulkan\FramebufferVulkan.cpp">
      <Filter>src\renderlibvulkan</Filter>
    </ClCompile>
    <ClCompile Include="..\..\src\renderlibvulkan\resource\ViewVulkan.cpp">
      <Filter>src\renderlibvulkan\resoource</Filter>
    </ClCompile>
    <ClCompile Include="..\..\src\renderlibvulkan\QueueVulkan.cpp">
      <Filter>src\renderlibvulkan</Filter>
    </ClCompile>
    <ClCompile Include="..\..\src\renderlibvulkan\PipelineStateVulkan.cpp">
      <Filter>src\renderlibvulkan</Filter>
    </ClCompile>
    <ClCompile Include="..\..\src\renderlibvulkan\PipelineVulkan.cpp">
      <Filter>src\renderlibvulkan</Filter>
    </ClCompile>
    <ClCompile Include="..\..\src\renderlibvulkan\CommandBufferVulkan.cpp">
      <Filter>src\renderlibvulkan</Filter>
    </ClCompile>
    <ClCompile Include="..\..\src\renderlibvulkan\CommandPoolVulkan.cpp">
      <Filter>src\renderlibvulkan</Filter>
    </ClCompile>
    <ClCompile Include="..\..\src\renderlibvulkan\resource\TextureVulkan.cpp">
      <Filter>src\renderlibvulkan\resoource</Filter>
    </ClCompile>
    <ClCompile Include="..\..\src\renderlibvulkan\resource\VBOVulkan.cpp">
      <Filter>src\renderlibvulkan\resoource</Filter>
    </ClCompile>
    <ClCompile Include="..\..\src\renderlibvulkan\resource\BufferVulkan.cpp">
      <Filter>src\renderlibvulkan\resoource</Filter>
    </ClCompile>
    <ClCompile Include="..\..\src\renderlibvulkan\resource\IBOVulkan.cpp">
      <Filter>src\renderlibvulkan\resoource</Filter>
    </ClCompile>
    <ClCompile Include="..\..\src\renderlibvulkan\ShaderVulkan.cpp">
      <Filter>src\renderlibvulkan</Filter>
    </ClCompile>
    <ClCompile Include="..\..\src\renderlibvulkan\resource\BufferTransfer.cpp">
      <Filter>src\renderlibvulkan\resoource</Filter>
    </ClCompile>
    <ClCompile Include="..\..\src\renderlibvulkan\SemaphoreVulkan.cpp">
      <Filter>src\renderlibvulkan</Filter>
    </ClCompile>
  </ItemGroup>
  <ItemGroup>
    <ClInclude Include="..\..\src\resourcemgr\material.h">
      <Filter>src\resourcemgr</Filter>
    </ClInclude>
    <ClInclude Include="..\..\src\resourcemgr\mesh.h">
      <Filter>src\resourcemgr</Filter>
    </ClInclude>
    <ClInclude Include="..\..\src\resourcemgr\resmgr.h">
      <Filter>src\resourcemgr</Filter>
    </ClInclude>
    <ClInclude Include="..\..\src\resourcemgr\submesh.h">
      <Filter>src\resourcemgr</Filter>
    </ClInclude>
    <ClInclude Include="..\..\src\resourcemgr\texture.h">
      <Filter>src\resourcemgr</Filter>
    </ClInclude>
    <ClInclude Include="..\..\src\entity\entity.h">
      <Filter>src\entity</Filter>
    </ClInclude>
    <ClInclude Include="..\..\src\renderlibvulkan\IDynamicRHIVulkan.h">
      <Filter>src\renderlibvulkan</Filter>
    </ClInclude>
    <ClInclude Include="..\..\src\renderlibvulkan\DynamicRHIVulkan.h">
      <Filter>src\renderlibvulkan</Filter>
    </ClInclude>
    <ClInclude Include="..\..\src\renderlibvulkan\DeviceVulkan.h">
      <Filter>src\renderlibvulkan</Filter>
    </ClInclude>
    <ClInclude Include="..\..\src\renderlibvulkan\SwapChainVulkan.h">
      <Filter>src\renderlibvulkan</Filter>
    </ClInclude>
    <ClInclude Include="..\..\src\renderlib\computeshader.h">
      <Filter>src\renderlib</Filter>
    </ClInclude>
    <ClInclude Include="..\..\src\renderlib\drawcall.h">
      <Filter>src\renderlib</Filter>
    </ClInclude>
    <ClInclude Include="..\..\src\renderlib\pass.h">
      <Filter>src\renderlib</Filter>
    </ClInclude>
    <ClInclude Include="..\..\src\renderlib\renderapi.h">
      <Filter>src\renderlib</Filter>
    </ClInclude>
    <ClInclude Include="..\..\src\renderlib\renderobj.h">
      <Filter>src\renderlib</Filter>
    </ClInclude>
    <ClInclude Include="..\..\src\renderlib\rendertarget.h">
      <Filter>src\renderlib</Filter>
    </ClInclude>
    <ClInclude Include="..\..\src\renderlib\shader.h">
      <Filter>src\renderlib</Filter>
    </ClInclude>
    <ClInclude Include="..\..\src\renderlib\shaderparam.h">
      <Filter>src\renderlib</Filter>
    </ClInclude>
    <ClInclude Include="..\..\src\renderlib\sortid.h">
      <Filter>src\renderlib</Filter>
    </ClInclude>
    <ClInclude Include="..\..\src\renderlib\ssbo.h">
      <Filter>src\renderlib</Filter>
    </ClInclude>
    <ClInclude Include="..\..\src\renderlib\texture.h">
      <Filter>src\renderlib</Filter>
    </ClInclude>
    <ClInclude Include="..\..\src\renderlib\uniformbuffer.h">
      <Filter>src\renderlib</Filter>
    </ClInclude>
    <ClInclude Include="..\..\src\renderlib\vertexbuffer.h">
      <Filter>src\renderlib</Filter>
    </ClInclude>
    <ClInclude Include="..\..\src\renderlibvulkan\RenderpassVulkan.h">
      <Filter>src\renderlibvulkan</Filter>
    </ClInclude>
    <ClInclude Include="..\..\src\renderlibvulkan\FramebufferVulkan.h">
      <Filter>src\renderlibvulkan</Filter>
    </ClInclude>
    <ClInclude Include="..\..\src\renderlibvulkan\resource\ViewVulkan.h">
      <Filter>src\renderlibvulkan\resoource</Filter>
    </ClInclude>
    <ClInclude Include="..\..\src\renderlibvulkan\QueueVulkan.h">
      <Filter>src\renderlibvulkan</Filter>
    </ClInclude>
    <ClInclude Include="..\..\src\renderlibvulkan\PipelineStateVulkan.h">
      <Filter>src\renderlibvulkan</Filter>
    </ClInclude>
    <ClInclude Include="..\..\src\renderlibvulkan\PipelineVulkan.h">
      <Filter>src\renderlibvulkan</Filter>
    </ClInclude>
    <ClInclude Include="..\..\src\renderlibvulkan\CommandPoolVulkan.h">
      <Filter>src\renderlibvulkan</Filter>
    </ClInclude>
    <ClInclude Include="..\..\src\renderlibvulkan\CommandBufferVulkan.h">
      <Filter>src\renderlibvulkan</Filter>
    </ClInclude>
    <ClInclude Include="..\..\src\renderlibvulkan\resource\TextureVulkan.h">
      <Filter>src\renderlibvulkan\resoource</Filter>
    </ClInclude>
    <ClInclude Include="..\..\src\renderlibvulkan\resource\VBOVulkan.h">
      <Filter>src\renderlibvulkan\resoource</Filter>
    </ClInclude>
    <ClInclude Include="..\..\src\renderlibvulkan\resource\BufferVulkan.h">
      <Filter>src\renderlibvulkan\resoource</Filter>
    </ClInclude>
    <ClInclude Include="..\..\src\renderlibvulkan\resource\IBOVulkan.h">
      <Filter>src\renderlibvulkan\resoource</Filter>
    </ClInclude>
    <ClInclude Include="..\..\src\renderlibvulkan\ShaderVulkan.h">
      <Filter>src\renderlibvulkan</Filter>
    </ClInclude>
    <ClInclude Include="..\..\src\renderlibvulkan\resource\BufferTransfer.h">
      <Filter>src\renderlibvulkan\resoource</Filter>
    </ClInclude>
    <ClInclude Include="..\..\src\renderlibvulkan\SemaphoreVulkan.h">
      <Filter>src\renderlibvulkan</Filter>
    </ClInclude>
  </ItemGroup>
</Project>